
Microsoft Visual Studio Solution File, Format Version 12.00
# Visual Studio Version 17
VisualStudioVersion = 17.14.36327.8 d17.14
MinimumVisualStudioVersion = 10.0.40219.1
Project("{FAE04EC0-301F-11D3-BF4B-00C04F79EFBC}") = "CapaModelo", "CapaModelo\CapaModelo.csproj", "{F6E2B439-6FF0-4F1E-9B86-3129FE2DD886}"
EndProject
Project("{FAE04EC0-301F-11D3-BF4B-00C04F79EFBC}") = "CapaDatos", "CapaDatos\CapaDatos.csproj", "{6F34DC74-B83B-43AC-B3A8-9B1CFF64B552}"
EndProject
Project("{FAE04EC0-301F-11D3-BF4B-00C04F79EFBC}") = "CapaNegocio", "CapaNegocio\CapaNegocio.csproj", "{EF4EB9EE-2395-44E9-830F-90E7894CDDA6}"
EndProject
Project("{FAE04EC0-301F-11D3-BF4B-00C04F79EFBC}") = "CapaPresentacion", "CapaPresentacion\CapaPresentacion.csproj", "{9B65638F-B917-4F3A-9DBA-DF8FBC17BE9B}"
EndProject
Global
	GlobalSection(SolutionConfigurationPlatforms) = preSolution
		Debug|Any CPU = Debug|Any CPU
		Release|Any CPU = Release|Any CPU
	EndGlobalSection
	GlobalSection(ProjectConfigurationPlatforms) = postSolution
		{F6E2B439-6FF0-4F1E-9B86-3129FE2DD886}.Debug|Any CPU.ActiveCfg = Debug|Any CPU
		{F6E2B439-6FF0-4F1E-9B86-3129FE2DD886}.Debug|Any CPU.Build.0 = Debug|Any CPU
		{F6E2B439-6FF0-4F1E-9B86-3129FE2DD886}.Release|Any CPU.ActiveCfg = Release|Any CPU
		{F6E2B439-6FF0-4F1E-9B86-3129FE2DD886}.Release|Any CPU.Build.0 = Release|Any CPU
		{6F34DC74-B83B-43AC-B3A8-9B1CFF64B552}.Debug|Any CPU.ActiveCfg = Debug|Any CPU
		{6F34DC74-B83B-43AC-B3A8-9B1CFF64B552}.Debug|Any CPU.Build.0 = Debug|Any CPU
		{6F34DC74-B83B-43AC-B3A8-9B1CFF64B552}.Release|Any CPU.ActiveCfg = Release|Any CPU
		{6F34DC74-B83B-43AC-B3A8-9B1CFF64B552}.Release|Any CPU.Build.0 = Release|Any CPU
		{EF4EB9EE-2395-44E9-830F-90E7894CDDA6}.Debug|Any CPU.ActiveCfg = Debug|Any CPU
		{EF4EB9EE-2395-44E9-830F-90E7894CDDA6}.Debug|Any CPU.Build.0 = Debug|Any CPU
		{EF4EB9EE-2395-44E9-830F-90E7894CDDA6}.Release|Any CPU.ActiveCfg = Release|Any CPU
		{EF4EB9EE-2395-44E9-830F-90E7894CDDA6}.Release|Any CPU.Build.0 = Release|Any CPU
		{9B65638F-B917-4F3A-9DBA-DF8FBC17BE9B}.Debug|Any CPU.ActiveCfg = Debug|Any CPU
		{9B65638F-B917-4F3A-9DBA-DF8FBC17BE9B}.Debug|Any CPU.Build.0 = Debug|Any CPU
		{9B65638F-B917-4F3A-9DBA-DF8FBC17BE9B}.Release|Any CPU.ActiveCfg = Release|Any CPU
		{9B65638F-B917-4F3A-9DBA-DF8FBC17BE9B}.Release|Any CPU.Build.0 = Release|Any CPU
	EndGlobalSection
	GlobalSection(SolutionProperties) = preSolution
		HideSolutionNode = FALSE
	EndGlobalSection
	GlobalSection(ExtensibilityGlobals) = postSolution
		SolutionGuid = {0E99BBDF-210F-44A9-9FAA-AE21C1F8CC34}
	EndGlobalSection
EndGlobal
